
Microsoft Visual Studio Solution File, Format Version 12.00
# Visual Studio Version 16
VisualStudioVersion = 16.0.31727.386
MinimumVisualStudioVersion = 10.0.40219.1
Project("{FAE04EC0-301F-11D3-BF4B-00C04F79EFBC}") = "INGILIZCE GELISTIRME OYUNU", "INGILIZCE GELISTIRME OYUNU\INGILIZCE GELISTIRME OYUNU.csproj", "{95E12955-9869-4F9E-9BAB-04B691804771}"
EndProject
Project("{54435603-DBB4-11D2-8724-00A0C9A8B90C}") = "engame setup", "engame setup\engame setup.vdproj", "{EFD4FFDD-1D12-4EEA-AD78-775578829583}"
EndProject
Global
	GlobalSection(SolutionConfigurationPlatforms) = preSolution
		Debug|Any CPU = Debug|Any CPU
		Release|Any CPU = Release|Any CPU
	EndGlobalSection
	GlobalSection(ProjectConfigurationPlatforms) = postSolution
		{95E12955-9869-4F9E-9BAB-04B691804771}.Debug|Any CPU.ActiveCfg = Debug|Any CPU
		{95E12955-9869-4F9E-9BAB-04B691804771}.Debug|Any CPU.Build.0 = Debug|Any CPU
		{95E12955-9869-4F9E-9BAB-04B691804771}.Release|Any CPU.ActiveCfg = Release|Any CPU
		{95E12955-9869-4F9E-9BAB-04B691804771}.Release|Any CPU.Build.0 = Release|Any CPU
		{EFD4FFDD-1D12-4EEA-AD78-775578829583}.Debug|Any CPU.ActiveCfg = Debug
		{EFD4FFDD-1D12-4EEA-AD78-775578829583}.Release|Any CPU.ActiveCfg = Release
	EndGlobalSection
	GlobalSection(SolutionProperties) = preSolution
		HideSolutionNode = FALSE
	EndGlobalSection
	GlobalSection(ExtensibilityGlobals) = postSolution
		SolutionGuid = {937568F1-C01B-4959-8DE9-AC93114C9CD7}
	EndGlobalSection
EndGlobal
